Microsoft Visual Studio Solution File, Format Version 8.00
Project("{8BC9CEB8-8B4A-11D0-8D11-00A0C91BC942}") = "terreneuve-devel", "terreneuve-devel.vcproj", "{7B1ECD4D-BA98-4AD9-B13B-7A0C162405F4}"
	ProjectSection(ProjectDependencies) = postProject
	EndProjectSection
EndProject
Global
	GlobalSection(SolutionConfiguration) = preSolution
		Debug = Debug
		Release = Release
	EndGlobalSection
	GlobalSection(ProjectConfiguration) = postSolution
		{7B1ECD4D-BA98-4AD9-B13B-7A0C162405F4}.Debug.ActiveCfg = Debug|Win32
		{7B1ECD4D-BA98-4AD9-B13B-7A0C162405F4}.Debug.Build.0 = Debug|Win32
		{7B1ECD4D-BA98-4AD9-B13B-7A0C162405F4}.Release.ActiveCfg = Release|Win32
		{7B1ECD4D-BA98-4AD9-B13B-7A0C162405F4}.Release.Build.0 = Release|Win32
	EndGlobalSection
	GlobalSection(ExtensibilityGlobals) = postSolution
	EndGlobalSection
	GlobalSection(ExtensibilityAddIns) = postSolution
	EndGlobalSection
EndGlobal
